
Microsoft Visual Studio Solution File, Format Version 12.00
# Visual Studio Version 16
VisualStudioVersion = 16.0.29503.13
MinimumVisualStudioVersion = 10.0.40219.1
Project("{FAE04EC0-301F-11D3-BF4B-00C04F79EFBC}") = "EPiServer.Labs.Find.ImprovedSynonyms", "src\EPiServer.Labs.Find.ImprovedSynonyms.csproj", "{BB796EF0-A8AE-48AD-96D8-FEDA9344F0E9}"
EndProject
Global
	GlobalSection(SolutionConfigurationPlatforms) = preSolution
		Debug|Any CPU = Debug|Any CPU
		Release|Any CPU = Release|Any CPU
	EndGlobalSection
	GlobalSection(ProjectConfigurationPlatforms) = postSolution
		{BB796EF0-A8AE-48AD-96D8-FEDA9344F0E9}.Debug|Any CPU.ActiveCfg = Release|Any CPU
		{BB796EF0-A8AE-48AD-96D8-FEDA9344F0E9}.Debug|Any CPU.Build.0 = Release|Any CPU
		{BB796EF0-A8AE-48AD-96D8-FEDA9344F0E9}.Release|Any CPU.ActiveCfg = Release|Any CPU
		{BB796EF0-A8AE-48AD-96D8-FEDA9344F0E9}.Release|Any CPU.Build.0 = Release|Any CPU
	EndGlobalSection
	GlobalSection(SolutionProperties) = preSolution
		HideSolutionNode = FALSE
	EndGlobalSection
	GlobalSection(ExtensibilityGlobals) = postSolution
		SolutionGuid = {7C0367E0-B6BF-4999-AC2D-41001FABF0E8}
	EndGlobalSection
EndGlobal
